
Microsoft Visual Studio Solution File, Format Version 12.00
# Visual Studio Version 17
VisualStudioVersion = 17.11.35312.102
MinimumVisualStudioVersion = 10.0.40219.1
Project("{FAE04EC0-301F-11D3-BF4B-00C04F79EFBC}") = "EjercicioExamenP1.1", "EjercicioExamenP1.1\EjercicioExamenP1.1.csproj", "{A011ABD5-02A5-44F4-AE50-63BC88B4BA65}"
EndProject
Global
	GlobalSection(SolutionConfigurationPlatforms) = preSolution
		Debug|Any CPU = Debug|Any CPU
		Release|Any CPU = Release|Any CPU
	EndGlobalSection
	GlobalSection(ProjectConfigurationPlatforms) = postSolution
		{A011ABD5-02A5-44F4-AE50-63BC88B4BA65}.Debug|Any CPU.ActiveCfg = Debug|Any CPU
		{A011ABD5-02A5-44F4-AE50-63BC88B4BA65}.Debug|Any CPU.Build.0 = Debug|Any CPU
		{A011ABD5-02A5-44F4-AE50-63BC88B4BA65}.Release|Any CPU.ActiveCfg = Release|Any CPU
		{A011ABD5-02A5-44F4-AE50-63BC88B4BA65}.Release|Any CPU.Build.0 = Release|Any CPU
	EndGlobalSection
	GlobalSection(SolutionProperties) = preSolution
		HideSolutionNode = FALSE
	EndGlobalSection
	GlobalSection(ExtensibilityGlobals) = postSolution
		SolutionGuid = {1B132163-7E6F-459B-8CE5-3394E7CBE89C}
	EndGlobalSection
EndGlobal
